// !$*UTF8*$!
{
	archiveVersion = 1;
	classes = {
	};
	objectVersion = 46;
	objects = {

/* Begin PBXBuildFile section */
		DB5EE6C01D066F5500AE400C /* AppDelegate.swift in Sources */ = {isa = PBXBuildFile; fileRef = DB5EE6BF1D066F5500AE400C /* AppDelegate.swift */; };
		DB5EE6C21D066F5500AE400C /* ViewController.swift in Sources */ = {isa = PBXBuildFile; fileRef = DB5EE6C11D066F5500AE400C /* ViewController.swift */; };
		DB5EE6C51D066F5500AE400C /* Main.storyboard in Resources */ = {isa = PBXBuildFile; fileRef = DB5EE6C31D066F5500AE400C /* Main.storyboard */; };
		DB5EE6C71D066F5500AE400C /* Assets.xcassets in Resources */ = {isa = PBXBuildFile; fileRef = DB5EE6C61D066F5500AE400C /* Assets.xcassets */; };
		DB5EE6CA1D066F5500AE400C /* LaunchScreen.storyboard in Resources */ = {isa = PBXBuildFile; fileRef = DB5EE6C81D066F5500AE400C /* LaunchScreen.storyboard */; };
/* End PBXBuildFile section */

/* Begin PBXFileReference section */
		DB5EE6BC1D066F5300AE400C /* Quiz.app */ = {isa = PBXFileReference; explicitFileType = wrapper.application; includeInIndex = 0; path = Quiz.app; sourceTree = BUILT_PRODUCTS_DIR; };
		DB5EE6BF1D066F5500AE400C /* AppDelegate.swift */ = {isa = PBXFileReference; lastKnownFileType = sourcecode.swift; path = AppDelegate.swift; sourceTree = "<group>"; };
		DB5EE6C11D066F5500AE400C /* ViewController.swift */ = {isa = PBXFileReference; lastKnownFileType = sourcecode.swift; path = ViewController.swift; sourceTree = "<group>"; };
		DB5EE6C41D066F5500AE400C /* Base */ = {isa = PBXFileReference; lastKnownFileType = file.storyboard; name = Base; path = Base.lproj/Main.storyboard; sourceTree = "<group>"; };
		DB5EE6C61D066F5500AE400C /* Assets.xcassets */ = {isa = PBXFileReference; lastKnownFileType = folder.assetcatalog; path = Assets.xcassets; sourceTree = "<group>"; };
		DB5EE6C91D066F5500AE400C /* Base */ = {isa = PBXFileReference; lastKnownFileType = file.storyboard; name = Base; path = Base.lproj/LaunchScreen.storyboard; sourceTree = "<group>"; };
		DB5EE6CB1D066F5500AE400C /* Info.plist */ = {isa = PBXFileReference; lastKnownFileType = text.plist.xml; path = Info.plist; sourceTree = "<group>"; };
/* End PBXFileReference section */

/* Begin PBXFrameworksBuildPhase section */
		DB5EE6B91D066F5200AE400C /* Frameworks */ = {
			isa = PBXFrameworksBuildPhase;
			buildActionMask = 2147483647;
			files = (
			);
			runOnlyForDeploymentPostprocessing = 0;
		};
/* End PBXFrameworksBuildPhase section */

/* Begin PBXGroup section */
		DB5EE6B31D066F5200AE400C = {
			isa = PBXGroup;
			children = (
				DB5EE6BE1D066F5500AE400C /* Quiz */,
				DB5EE6BD1D066F5300AE400C /* Products */,
			);
			sourceTree = "<group>";
		};
		DB5EE6BD1D066F5300AE400C /* Products */ = {
			isa = PBXGroup;
			children = (
				DB5EE6BC1D066F5300AE400C /* Quiz.app */,
			);
			name = Products;
			sourceTree = "<group>";
		};
		DB5EE6BE1D066F5500AE400C /* Quiz */ = {
			isa = PBXGroup;
			children = (
				DB5EE6BF1D066F5500AE400C /* AppDelegate.swift */,
				DB5EE6C11D066F5500AE400C /* ViewController.swift */,
				DB5EE6C31D066F5500AE400C /* Main.storyboard */,
				DB5EE6C61D066F5500AE400C /* Assets.xcassets */,
				DB5EE6C81D066F5500AE400C /* LaunchScreen.storyboard */,
				DB5EE6CB1D066F5500AE400C /* Info.plist */,
			);
			path = Quiz;
			sourceTree = "<group>";
		};
/* End PBXGroup section */

/* Begin PBXNativeTarget section */
		DB5EE6BB1D066F5200AE400C /* Quiz */ = {
			isa = PBXNativeTarget;
			buildConfigurationList = DB5EE6CE1D066F5500AE400C /* Build configuration list for PBXNativeTarget "Quiz" */;
			buildPhases = (
				DB5EE6B81D066F5200AE400C /* Sources */,
				DB5EE6B91D066F5200AE400C /* Frameworks */,
				DB5EE6BA1D066F5200AE400C /* Resources */,
			);
			buildRules = (
			);
			dependencies = (
			);
			name = Quiz;
			productName = Quiz;
			productReference = DB5EE6BC1D066F5300AE400C /* Quiz.app */;
			productType = "com.apple.product-type.application";
		};
/* End PBXNativeTarget section */

/* Begin PBXProject section */
		DB5EE6B41D066F5200AE400C /* Project object */ = {
			isa = PBXProject;
			attributes = {
				LastSwiftUpdateCheck = 0730;
				LastUpgradeCheck = 0730;
				ORGANIZATIONNAME = "Yemi Ajibola";
				TargetAttributes = {
					DB5EE6BB1D066F5200AE400C = {
						CreatedOnToolsVersion = 7.3.1;
						DevelopmentTeam = 767ELXNDQ9;
					};
				};
			};
			buildConfigurationList = DB5EE6B71D066F5200AE400C /* Build configuration list for PBXProject "Quiz" */;
			compatibilityVersion = "Xcode 3.2";
			developmentRegion = English;
			hasScannedForEncodings = 0;
			knownRegions = (
				en,
				Base,
			);
			mainGroup = DB5EE6B31D066F5200AE400C;
			productRefGroup = DB5EE6BD1D066F5300AE400C /* Products */;
			projectDirPath = "";
			projectRoot = "";
			targets = (
				DB5EE6BB1D066F5200AE400C /* Quiz */,
			);
		};
/* End PBXProject section */

/* Begin PBXResourcesBuildPhase section */
		DB5EE6BA1D066F5200AE400C /* Resources */ = {
			isa = PBXResourcesBuildPhase;
			buildActionMask = 2147483647;
			files = (
				DB5EE6CA1D066F5500AE400C /* LaunchScreen.storyboard in Resources */,
				DB5EE6C71D066F5500AE400C /* Assets.xcassets in Resources */,
				DB5EE6C51D066F5500AE400C /* Main.storyboard in Resources */,
			);
			runOnlyForDeploymentPostprocessing = 0;
		};
/* End PBXResourcesBuildPhase section */

/* Begin PBXSourcesBuildPhase section */
		DB5EE6B81D066F5200AE400C /* Sources */ = {
			isa = PBXSourcesBuildPhase;
			buildActionMask = 2147483647;
			files = (
				DB5EE6C21D066F5500AE400C /* ViewController.swift in Sources */,
				DB5EE6C01D066F5500AE400C /* AppDelegate.swift in Sources */,
			);
			runOnlyForDeploymentPostprocessing = 0;
		};
/* End PBXSourcesBuildPhase section */

/* Begin PBXVariantGroup section */
		DB5EE6C31D066F5500AE400C /* Main.storyboard */ = {
			isa = PBXVariantGroup;
			children = (
				DB5EE6C41D066F5500AE400C /* Base */,
			);
			name = Main.storyboard;
			sourceTree = "<group>";
		};
		DB5EE6C81D066F5500AE400C /* LaunchScreen.storyboard */ = {
			isa = PBXVariantGroup;
			children = (
				DB5EE6C91D066F5500AE400C /* Base */,
			);
			name = LaunchScreen.storyboard;
			sourceTree = "<group>";
		};
/* End PBXVariantGroup section */

/* Begin XCBuildConfiguration section */
		DB5EE6CC1D066F5500AE400C /* Debug */ = {
			isa = XCBuildConfiguration;
			buildSettings = {
				ALWAYS_SEARCH_USER_PATHS = NO;
				CLANG_ANALYZER_NONNULL = YES;
				CLANG_CXX_LANGUAGE_STANDARD = "gnu++0x";
				CLANG_CXX_LIBRARY = "libc++";
				CLANG_ENABLE_MODULES = YES;
				CLANG_ENABLE_OBJC_ARC = YES;
				CLANG_WARN_BOOL_CONVERSION = YES;
				CLANG_WARN_CONSTANT_CONVERSION = YES;
				CLANG_WARN_DIRECT_OBJC_ISA_USAGE = YES_ERROR;
				CLANG_WARN_EMPTY_BODY = YES;
				CLANG_WARN_ENUM_CONVERSION = YES;
				CLANG_WARN_INT_CONVERSION = YES;
				CLANG_WARN_OBJC_ROOT_CLASS = YES_ERROR;
				CLANG_WARN_UNREACHABLE_CODE = YES;
				CLANG_WARN__DUPLICATE_METHOD_MATCH = YES;
				"CODE_SIGN_IDENTITY[sdk=iphoneos*]" = "iPhone Developer";
				COPY_PHASE_STRIP = NO;
				DEBUG_INFORMATION_FORMAT = dwarf;
				ENABLE_STRICT_OBJC_MSGSEND = YES;
				ENABLE_TESTABILITY = YES;
				GCC_C_LANGUAGE_STANDARD = gnu99;
				GCC_DYNAMIC_NO_PIC = NO;
				GCC_NO_COMMON_BLOCKS = YES;
				GCC_OPTIMIZATION_LEVEL = 0;
				GCC_PREPROCESSOR_DEFINITIONS = (
					"DEBUG=1",
					"$(inherited)",
				);
				GCC_WARN_64_TO_32_BIT_CONVERSION = YES;
				GCC_WARN_ABOUT_RETURN_TYPE = YES_ERROR;
				GCC_WARN_UNDECLARED_SELECTOR = YES;
				GCC_WARN_UNINITIALIZED_AUTOS = YES_AGGRESSIVE;
				GCC_WARN_UNUSED_FUNCTION = YES;
				GCC_WARN_UNUSED_VARIABLE = YES;
				IPHONEOS_DEPLOYMENT_TARGET = 9.3;
				MTL_ENABLE_DEBUG_INFO = YES;
				ONLY_ACTIVE_ARCH = YES;
				SDKROOT = iphoneos;
				SWIFT_OPTIMIZATION_LEVEL = "-Onone";
			};
			name = Debug;
		};
		DB5EE6CD1D066F5500AE400C /* Release */ = {
			isa = XCBuildConfiguration;
			buildSettings = {
				ALWAYS_SEARCH_USER_PATHS = NO;
				CLANG_ANALYZER_NONNULL = YES;
				CLANG_CXX_LANGUAGE_STANDARD = "gnu++0x";
				CLANG_CXX_LIBRARY = "libc++";
				CLANG_ENABLE_MODULES = YES;
				CLANG_ENABLE_OBJC_ARC = YES;
				CLANG_WARN_BOOL_CONVERSION = YES;
				CLANG_WARN_CONSTANT_CONVERSION = YES;
				CLANG_WARN_DIRECT_OBJC_ISA_USAGE = YES_ERROR;
				CLANG_WARN_EMPTY_BODY = YES;
				CLANG_WARN_ENUM_CONVERSION = YES;
				CLANG_WARN_INT_CONVERSION = YES;
				CLANG_WARN_OBJC_ROOT_CLASS = YES_ERROR;
				CLANG_WARN_UNREACHABLE_CODE = YES;
				CLANG_WARN__DUPLICATE_METHOD_MATCH = YES;
				"CODE_SIGN_IDENTITY[sdk=iphoneos*]" = "iPhone Developer";
				COPY_PHASE_STRIP = NO;
				DEBUG_INFORMATION_FORMAT = "dwarf-with-dsym";
				ENABLE_NS_ASSERTIONS = NO;
				ENABLE_STRICT_OBJC_MSGSEND = YES;
				GCC_C_LANGUAGE_STANDARD = gnu99;
				GCC_NO_COMMON_BLOCKS = YES;
				GCC_WARN_64_TO_32_BIT_CONVERSION = YES;
				GCC_WARN_ABOUT_RETURN_TYPE = YES_ERROR;
				GCC_WARN_UNDECLARED_SELECTOR = YES;
				GCC_WARN_UNINITIALIZED_AUTOS = YES_AGGRESSIVE;
				GCC_WARN_UNUSED_FUNCTION = YES;
				GCC_WARN_UNUSED_VARIABLE = YES;
				IPHONEOS_DEPLOYMENT_TARGET = 9.3;
				MTL_ENABLE_DEBUG_INFO = NO;
				SDKROOT = iphoneos;
				VALIDATE_PRODUCT = YES;
			};
			name = Release;
		};
		DB5EE6CF1D066F5500AE400C /* Debug */ = {
			isa = XCBuildConfiguration;
			buildSettings = {
				ASSETCATALOG_COMPILER_APPICON_NAME = AppIcon;
				CODE_SIGN_IDENTITY = "iPhone Developer";
				"CODE_SIGN_IDENTITY[sdk=iphoneos*]" = "iPhone Developer";
				INFOPLIST_FILE = Quiz/Info.plist;
				LD_RUNPATH_SEARCH_PATHS = "$(inherited) @executable_path/Frameworks";
				PRODUCT_BUNDLE_IDENTIFIER = com.YemiAjibola.Quiz;
				PRODUCT_NAME = "$(TARGET_NAME)";
				PROVISIONING_PROFILE = "";
			};
			name = Debug;
		};
		DB5EE6D01D066F5500AE400C /* Release */ = {
			isa = XCBuildConfiguration;
			buildSettings = {
				ASSETCATALOG_COMPILER_APPICON_NAME = AppIcon;
				CODE_SIGN_IDENTITY = "iPhone Developer";
				"CODE_SIGN_IDENTITY[sdk=iphoneos*]" = "iPhone Developer";
				INFOPLIST_FILE = Quiz/Info.plist;
				LD_RUNPATH_SEARCH_PATHS = "$(inherited) @executable_path/Frameworks";
				PRODUCT_BUNDLE_IDENTIFIER = com.YemiAjibola.Quiz;
				PRODUCT_NAME = "$(TARGET_NAME)";
				PROVISIONING_PROFILE = "";
			};
			name = Release;
		};
/* End XCBuildConfiguration section */

/* Begin XCConfigurationList section */
		DB5EE6B71D066F5200AE400C /* Build configuration list for PBXProject "Quiz" */ = {
			isa = XCConfigurationList;
			buildConfigurations = (
				DB5EE6CC1D066F5500AE400C /* Debug */,
				DB5EE6CD1D066F5500AE400C /* Release */,
			);
			defaultConfigurationIsVisible = 0;
			defaultConfigurationName = Release;
		};
		DB5EE6CE1D066F5500AE400C /* Build configuration list for PBXNativeTarget "Quiz" */ = {
			isa = XCConfigurationList;
			buildConfigurations = (
				DB5EE6CF1D066F5500AE400C /* Debug */,
				DB5EE6D01D066F5500AE400C /* Release */,
			);
			defaultConfigurationIsVisible = 0;
			defaultConfigurationName = Release;
		};
/* End XCConfigurationList section */
	};
	rootObject = DB5EE6B41D066F5200AE400C /* Project object */;
}
